
Microsoft Visual Studio Solution File, Format Version 12.00
# Visual Studio Version 16
VisualStudioVersion = 16.0.31129.286
MinimumVisualStudioVersion = 10.0.40219.1
Project("{FAE04EC0-301F-11D3-BF4B-00C04F79EFBC}") = "Millenicom", "Millenicom\Millenicom.csproj", "{88762EE8-24CC-4EBA-A9B2-6A024F9B5BDA}"
EndProject
Global
	GlobalSection(SolutionConfigurationPlatforms) = preSolution
		Debug|Any CPU = Debug|Any CPU
		Release|Any CPU = Release|Any CPU
	EndGlobalSection
	GlobalSection(ProjectConfigurationPlatforms) = postSolution
		{88762EE8-24CC-4EBA-A9B2-6A024F9B5BDA}.Debug|Any CPU.ActiveCfg = Debug|Any CPU
		{88762EE8-24CC-4EBA-A9B2-6A024F9B5BDA}.Debug|Any CPU.Build.0 = Debug|Any CPU
		{88762EE8-24CC-4EBA-A9B2-6A024F9B5BDA}.Release|Any CPU.ActiveCfg = Release|Any CPU
		{88762EE8-24CC-4EBA-A9B2-6A024F9B5BDA}.Release|Any CPU.Build.0 = Release|Any CPU
	EndGlobalSection
	GlobalSection(SolutionProperties) = preSolution
		HideSolutionNode = FALSE
	EndGlobalSection
	GlobalSection(ExtensibilityGlobals) = postSolution
		SolutionGuid = {3B6DE398-E5BF-4265-B0E2-77ED3B579B07}
	EndGlobalSection
EndGlobal
